
Microsoft Visual Studio Solution File, Format Version 12.00
# Visual Studio Version 17
VisualStudioVersion = 17.3.32901.215
MinimumVisualStudioVersion = 10.0.40219.1
Project("{FAE04EC0-301F-11D3-BF4B-00C04F79EFBC}") = "CrackerProject.API", "CrackerProject.API\CrackerProject.API.csproj", "{1238FA19-BDAD-468A-B7ED-02FE49730593}"
EndProject
Global
	GlobalSection(SolutionConfigurationPlatforms) = preSolution
		Debug|Any CPU = Debug|Any CPU
		Release|Any CPU = Release|Any CPU
	EndGlobalSection
	GlobalSection(ProjectConfigurationPlatforms) = postSolution
		{1238FA19-BDAD-468A-B7ED-02FE49730593}.Debug|Any CPU.ActiveCfg = Debug|Any CPU
		{1238FA19-BDAD-468A-B7ED-02FE49730593}.Debug|Any CPU.Build.0 = Debug|Any CPU
		{1238FA19-BDAD-468A-B7ED-02FE49730593}.Release|Any CPU.ActiveCfg = Release|Any CPU
		{1238FA19-BDAD-468A-B7ED-02FE49730593}.Release|Any CPU.Build.0 = Release|Any CPU
	EndGlobalSection
	GlobalSection(SolutionProperties) = preSolution
		HideSolutionNode = FALSE
	EndGlobalSection
	GlobalSection(ExtensibilityGlobals) = postSolution
		SolutionGuid = {972C21A1-19F0-4AAF-829F-56D505934A19}
	EndGlobalSection
EndGlobal
