
Microsoft Visual Studio Solution File, Format Version 12.00
# Visual Studio Version 17
VisualStudioVersion = 17.3.32901.215
MinimumVisualStudioVersion = 10.0.40219.1
Project("{9A19103F-16F7-4668-BE54-9A1E7A4F7556}") = "CrackerProject.API", "CrackerProject.API\CrackerProject.API.csproj", "{1238FA19-BDAD-468A-B7ED-02FE49730593}"
EndProject
Project("{9A19103F-16F7-4668-BE54-9A1E7A4F7556}") = "CrackerProject.UnitTesting", "CrackerProject.UnitTesting\CrackerProject.UnitTesting.csproj", "{73D389EA-82C5-48A7-B0D9-2F1A210806A2}"
EndProject
Project("{9A19103F-16F7-4668-BE54-9A1E7A4F7556}") = "CrackerProject.Library", "CrackerProject.Library\CrackerProject.Library.csproj", "{1CA84A8A-59A6-4498-98DC-829BCE7566B6}"
EndProject
Project("{9A19103F-16F7-4668-BE54-9A1E7A4F7556}") = "CrackerProject.Console", "CrackerProject.Console\CrackerProject.Console.csproj", "{66295FBF-393E-4F2C-BCA4-66D50DD34346}"
EndProject
Project("{9A19103F-16F7-4668-BE54-9A1E7A4F7556}") = "BookManager.API", "BookManager\BookManager.API\BookManager.API.csproj", "{CCB682F7-0BEA-4253-84E4-BBC5D69A55E6}"
EndProject
Global
	GlobalSection(SolutionConfigurationPlatforms) = preSolution
		Debug|Any CPU = Debug|Any CPU
		Release|Any CPU = Release|Any CPU
	EndGlobalSection
	GlobalSection(ProjectConfigurationPlatforms) = postSolution
		{1238FA19-BDAD-468A-B7ED-02FE49730593}.Debug|Any CPU.ActiveCfg = Debug|Any CPU
		{1238FA19-BDAD-468A-B7ED-02FE49730593}.Debug|Any CPU.Build.0 = Debug|Any CPU
		{1238FA19-BDAD-468A-B7ED-02FE49730593}.Release|Any CPU.ActiveCfg = Release|Any CPU
		{1238FA19-BDAD-468A-B7ED-02FE49730593}.Release|Any CPU.Build.0 = Release|Any CPU
		{73D389EA-82C5-48A7-B0D9-2F1A210806A2}.Debug|Any CPU.ActiveCfg = Debug|Any CPU
		{73D389EA-82C5-48A7-B0D9-2F1A210806A2}.Debug|Any CPU.Build.0 = Debug|Any CPU
		{73D389EA-82C5-48A7-B0D9-2F1A210806A2}.Release|Any CPU.ActiveCfg = Release|Any CPU
		{73D389EA-82C5-48A7-B0D9-2F1A210806A2}.Release|Any CPU.Build.0 = Release|Any CPU
		{1CA84A8A-59A6-4498-98DC-829BCE7566B6}.Debug|Any CPU.ActiveCfg = Debug|Any CPU
		{1CA84A8A-59A6-4498-98DC-829BCE7566B6}.Debug|Any CPU.Build.0 = Debug|Any CPU
		{1CA84A8A-59A6-4498-98DC-829BCE7566B6}.Release|Any CPU.ActiveCfg = Release|Any CPU
		{1CA84A8A-59A6-4498-98DC-829BCE7566B6}.Release|Any CPU.Build.0 = Release|Any CPU
		{66295FBF-393E-4F2C-BCA4-66D50DD34346}.Debug|Any CPU.ActiveCfg = Debug|Any CPU
		{66295FBF-393E-4F2C-BCA4-66D50DD34346}.Debug|Any CPU.Build.0 = Debug|Any CPU
		{66295FBF-393E-4F2C-BCA4-66D50DD34346}.Release|Any CPU.ActiveCfg = Release|Any CPU
		{66295FBF-393E-4F2C-BCA4-66D50DD34346}.Release|Any CPU.Build.0 = Release|Any CPU
		{CCB682F7-0BEA-4253-84E4-BBC5D69A55E6}.Debug|Any CPU.ActiveCfg = Debug|Any CPU
		{CCB682F7-0BEA-4253-84E4-BBC5D69A55E6}.Debug|Any CPU.Build.0 = Debug|Any CPU
		{CCB682F7-0BEA-4253-84E4-BBC5D69A55E6}.Release|Any CPU.ActiveCfg = Release|Any CPU
		{CCB682F7-0BEA-4253-84E4-BBC5D69A55E6}.Release|Any CPU.Build.0 = Release|Any CPU
	EndGlobalSection
	GlobalSection(SolutionProperties) = preSolution
		HideSolutionNode = FALSE
	EndGlobalSection
	GlobalSection(ExtensibilityGlobals) = postSolution
		SolutionGuid = {972C21A1-19F0-4AAF-829F-56D505934A19}
	EndGlobalSection
EndGlobal
